
Microsoft Visual Studio Solution File, Format Version 12.00
# Visual Studio Version 16
VisualStudioVersion = 16.0.31005.135
MinimumVisualStudioVersion = 10.0.40219.1
Project("{9A19103F-16F7-4668-BE54-9A1E7A4F7556}") = "Lesson_1", "Lesson1\Lesson_1\Lesson_1.csproj", "{340688FD-628D-4FDB-848E-B1D4802EC5BB}"
EndProject
Project("{9A19103F-16F7-4668-BE54-9A1E7A4F7556}") = "Lesson2.1", "Lesson2\Lesson_2\Lesson2.1\Lesson2.1.csproj", "{81AC4F37-55D4-465E-BBE1-EF124EF6405B}"
EndProject
Project("{2150E333-8FDC-42A3-9474-1A3956D46DE8}") = "Lesson2", "Lesson2", "{FFE33E72-6CA4-4DDE-AF15-45EBE1EBC16E}"
EndProject
Project("{2150E333-8FDC-42A3-9474-1A3956D46DE8}") = "Lesson1", "Lesson1", "{379BDD4B-7202-4DE3-A45B-FA6545EECA2A}"
EndProject
Project("{9A19103F-16F7-4668-BE54-9A1E7A4F7556}") = "Lesson2.2.5", "Lesson2\Lesson_2\Lesson2.2.5\Lesson2.2.5.csproj", "{C3A1309F-93D1-48E9-B385-94677B976207}"
EndProject
Project("{9A19103F-16F7-4668-BE54-9A1E7A4F7556}") = "Lesson2.3", "Lesson2\Lesson_2\Lesson2.3\Lesson2.3.csproj", "{4F560002-1E75-4116-A6ED-61C4CA7962B3}"
EndProject
Project("{9A19103F-16F7-4668-BE54-9A1E7A4F7556}") = "Lesson2.4", "Lesson2\Lesson_2\Lesson2.4\Lesson2.4.csproj", "{73183E64-3038-4C9E-B276-D0F12154A0BE}"
EndProject
Project("{9A19103F-16F7-4668-BE54-9A1E7A4F7556}") = "Lesson2.6", "Lesson2\Lesson_2\Lesson2.6\Lesson2.6.csproj", "{B04C6466-861F-49C1-AE31-85C6BAAAB8DD}"
EndProject
Global
	GlobalSection(SolutionConfigurationPlatforms) = preSolution
		Debug|Any CPU = Debug|Any CPU
		Release|Any CPU = Release|Any CPU
	EndGlobalSection
	GlobalSection(ProjectConfigurationPlatforms) = postSolution
		{340688FD-628D-4FDB-848E-B1D4802EC5BB}.Debug|Any CPU.ActiveCfg = Debug|Any CPU
		{340688FD-628D-4FDB-848E-B1D4802EC5BB}.Debug|Any CPU.Build.0 = Debug|Any CPU
		{340688FD-628D-4FDB-848E-B1D4802EC5BB}.Release|Any CPU.ActiveCfg = Release|Any CPU
		{340688FD-628D-4FDB-848E-B1D4802EC5BB}.Release|Any CPU.Build.0 = Release|Any CPU
		{81AC4F37-55D4-465E-BBE1-EF124EF6405B}.Debug|Any CPU.ActiveCfg = Debug|Any CPU
		{81AC4F37-55D4-465E-BBE1-EF124EF6405B}.Debug|Any CPU.Build.0 = Debug|Any CPU
		{81AC4F37-55D4-465E-BBE1-EF124EF6405B}.Release|Any CPU.ActiveCfg = Release|Any CPU
		{81AC4F37-55D4-465E-BBE1-EF124EF6405B}.Release|Any CPU.Build.0 = Release|Any CPU
		{C3A1309F-93D1-48E9-B385-94677B976207}.Debug|Any CPU.ActiveCfg = Debug|Any CPU
		{C3A1309F-93D1-48E9-B385-94677B976207}.Debug|Any CPU.Build.0 = Debug|Any CPU
		{C3A1309F-93D1-48E9-B385-94677B976207}.Release|Any CPU.ActiveCfg = Release|Any CPU
		{C3A1309F-93D1-48E9-B385-94677B976207}.Release|Any CPU.Build.0 = Release|Any CPU
		{4F560002-1E75-4116-A6ED-61C4CA7962B3}.Debug|Any CPU.ActiveCfg = Debug|Any CPU
		{4F560002-1E75-4116-A6ED-61C4CA7962B3}.Debug|Any CPU.Build.0 = Debug|Any CPU
		{4F560002-1E75-4116-A6ED-61C4CA7962B3}.Release|Any CPU.ActiveCfg = Release|Any CPU
		{4F560002-1E75-4116-A6ED-61C4CA7962B3}.Release|Any CPU.Build.0 = Release|Any CPU
		{73183E64-3038-4C9E-B276-D0F12154A0BE}.Debug|Any CPU.ActiveCfg = Debug|Any CPU
		{73183E64-3038-4C9E-B276-D0F12154A0BE}.Debug|Any CPU.Build.0 = Debug|Any CPU
		{73183E64-3038-4C9E-B276-D0F12154A0BE}.Release|Any CPU.ActiveCfg = Release|Any CPU
		{73183E64-3038-4C9E-B276-D0F12154A0BE}.Release|Any CPU.Build.0 = Release|Any CPU
		{B04C6466-861F-49C1-AE31-85C6BAAAB8DD}.Debug|Any CPU.ActiveCfg = Debug|Any CPU
		{B04C6466-861F-49C1-AE31-85C6BAAAB8DD}.Debug|Any CPU.Build.0 = Debug|Any CPU
		{B04C6466-861F-49C1-AE31-85C6BAAAB8DD}.Release|Any CPU.ActiveCfg = Release|Any CPU
		{B04C6466-861F-49C1-AE31-85C6BAAAB8DD}.Release|Any CPU.Build.0 = Release|Any CPU
	EndGlobalSection
	GlobalSection(SolutionProperties) = preSolution
		HideSolutionNode = FALSE
	EndGlobalSection
	GlobalSection(NestedProjects) = preSolution
		{340688FD-628D-4FDB-848E-B1D4802EC5BB} = {379BDD4B-7202-4DE3-A45B-FA6545EECA2A}
		{81AC4F37-55D4-465E-BBE1-EF124EF6405B} = {FFE33E72-6CA4-4DDE-AF15-45EBE1EBC16E}
		{C3A1309F-93D1-48E9-B385-94677B976207} = {FFE33E72-6CA4-4DDE-AF15-45EBE1EBC16E}
		{4F560002-1E75-4116-A6ED-61C4CA7962B3} = {FFE33E72-6CA4-4DDE-AF15-45EBE1EBC16E}
		{73183E64-3038-4C9E-B276-D0F12154A0BE} = {FFE33E72-6CA4-4DDE-AF15-45EBE1EBC16E}
		{B04C6466-861F-49C1-AE31-85C6BAAAB8DD} = {FFE33E72-6CA4-4DDE-AF15-45EBE1EBC16E}
	EndGlobalSection
	GlobalSection(ExtensibilityGlobals) = postSolution
		SolutionGuid = {8F272E93-D934-4539-9D58-AD4F4FF99F43}
	EndGlobalSection
EndGlobal
