
Microsoft Visual Studio Solution File, Format Version 12.00
# Visual Studio Version 16
VisualStudioVersion = 16.0.31005.135
MinimumVisualStudioVersion = 10.0.40219.1
Project("{9A19103F-16F7-4668-BE54-9A1E7A4F7556}") = "Lesson_1", "Lesson1\Lesson_1\Lesson_1.csproj", "{340688FD-628D-4FDB-848E-B1D4802EC5BB}"
EndProject
Project("{9A19103F-16F7-4668-BE54-9A1E7A4F7556}") = "Lesson2.1", "Lesson2\Lesson_2\Lesson2.1\Lesson2.1.csproj", "{81AC4F37-55D4-465E-BBE1-EF124EF6405B}"
EndProject
Project("{2150E333-8FDC-42A3-9474-1A3956D46DE8}") = "Lesson2", "Lesson2", "{FFE33E72-6CA4-4DDE-AF15-45EBE1EBC16E}"
EndProject
Project("{2150E333-8FDC-42A3-9474-1A3956D46DE8}") = "Lesson1", "Lesson1", "{379BDD4B-7202-4DE3-A45B-FA6545EECA2A}"
EndProject
Project("{9A19103F-16F7-4668-BE54-9A1E7A4F7556}") = "Lesson2.2.5", "Lesson2\Lesson_2\Lesson2.2.5\Lesson2.2.5.csproj", "{C3A1309F-93D1-48E9-B385-94677B976207}"
EndProject
Project("{9A19103F-16F7-4668-BE54-9A1E7A4F7556}") = "Lesson2.3", "Lesson2\Lesson_2\Lesson2.3\Lesson2.3.csproj", "{4F560002-1E75-4116-A6ED-61C4CA7962B3}"
EndProject
Project("{9A19103F-16F7-4668-BE54-9A1E7A4F7556}") = "Lesson2.4", "Lesson2\Lesson_2\Lesson2.4\Lesson2.4.csproj", "{73183E64-3038-4C9E-B276-D0F12154A0BE}"
EndProject
Project("{9A19103F-16F7-4668-BE54-9A1E7A4F7556}") = "Lesson2.6", "Lesson2\Lesson_2\Lesson2.6\Lesson2.6.csproj", "{B04C6466-861F-49C1-AE31-85C6BAAAB8DD}"
EndProject
Project("{2150E333-8FDC-42A3-9474-1A3956D46DE8}") = "Lesson3", "Lesson3", "{DB55BB81-0088-4577-A8DE-74326422B355}"
EndProject
Project("{9A19103F-16F7-4668-BE54-9A1E7A4F7556}") = "Lesson3.1", "Lesson3\Lesson_3\Lesson3.1\Lesson3.1.csproj", "{CB01D95E-9361-4160-8CF9-6CFBCF9AD703}"
EndProject
Project("{9A19103F-16F7-4668-BE54-9A1E7A4F7556}") = "Lesson3.2", "Lesson3\Lesson_3\Lesson3.2\Lesson3.2.csproj", "{6D9CF074-8E28-4FC9-A67E-DDE059A8278E}"
EndProject
Project("{9A19103F-16F7-4668-BE54-9A1E7A4F7556}") = "Lesson3.3", "Lesson3\Lesson_3\Lesson3.3\Lesson3.3.csproj", "{7B1B6783-3590-4C4D-9193-2BA4B09D1003}"
EndProject
Project("{9A19103F-16F7-4668-BE54-9A1E7A4F7556}") = "Lesson3.4", "Lesson3\Lesson_3\Lesson3.4\Lesson3.4.csproj", "{2236BE3F-F6F5-4498-802A-686E89DC1B7E}"
EndProject
Project("{2150E333-8FDC-42A3-9474-1A3956D46DE8}") = "Lesson4", "Lesson4", "{467F8334-30ED-4DDA-9478-D9CAF1C466FF}"
EndProject
Project("{9A19103F-16F7-4668-BE54-9A1E7A4F7556}") = "Lesson4.1", "Lesson4\Lesson4.1\Lesson4.1.csproj", "{2740D45A-B43B-472F-962A-5611314C4132}"
EndProject
Project("{9A19103F-16F7-4668-BE54-9A1E7A4F7556}") = "Lesson4.2", "Lesson4\Lesson4.2\Lesson4.2.csproj", "{FF926A15-D92E-4943-B67D-73D7140E55DB}"
EndProject
Project("{9A19103F-16F7-4668-BE54-9A1E7A4F7556}") = "Lesson4.3", "Lesson4\Lesson4.3\Lesson4.3.csproj", "{FFCC615C-F1DB-4EF4-853C-F0251B818116}"
EndProject
Project("{9A19103F-16F7-4668-BE54-9A1E7A4F7556}") = "Lesson4.4", "Lesson4\Lesson4.4\Lesson4.4.csproj", "{CD16DDA7-4431-42F0-BBC2-AA82867EA547}"
EndProject
Project("{9A19103F-16F7-4668-BE54-9A1E7A4F7556}") = "Lesson4.5", "Lesson4\Lesson4.5\Lesson4.5.csproj", "{2BDA9F7C-790E-4B01-B61C-DEF727571E5D}"
EndProject
Project("{2150E333-8FDC-42A3-9474-1A3956D46DE8}") = "Lesson5", "Lesson5", "{2512786A-EE97-43FC-8B68-354CA6DE539F}"
EndProject
Project("{FAE04EC0-301F-11D3-BF4B-00C04F79EFBC}") = "Lesson_5", "Lesson5\Lesson_5\Lesson_5.csproj", "{BB64FC6D-BCEB-4E7C-9AEA-E97406124B28}"
EndProject
Global
	GlobalSection(SolutionConfigurationPlatforms) = preSolution
		Debug|Any CPU = Debug|Any CPU
		Release|Any CPU = Release|Any CPU
	EndGlobalSection
	GlobalSection(ProjectConfigurationPlatforms) = postSolution
		{340688FD-628D-4FDB-848E-B1D4802EC5BB}.Debug|Any CPU.ActiveCfg = Debug|Any CPU
		{340688FD-628D-4FDB-848E-B1D4802EC5BB}.Debug|Any CPU.Build.0 = Debug|Any CPU
		{340688FD-628D-4FDB-848E-B1D4802EC5BB}.Release|Any CPU.ActiveCfg = Release|Any CPU
		{340688FD-628D-4FDB-848E-B1D4802EC5BB}.Release|Any CPU.Build.0 = Release|Any CPU
		{81AC4F37-55D4-465E-BBE1-EF124EF6405B}.Debug|Any CPU.ActiveCfg = Debug|Any CPU
		{81AC4F37-55D4-465E-BBE1-EF124EF6405B}.Debug|Any CPU.Build.0 = Debug|Any CPU
		{81AC4F37-55D4-465E-BBE1-EF124EF6405B}.Release|Any CPU.ActiveCfg = Release|Any CPU
		{81AC4F37-55D4-465E-BBE1-EF124EF6405B}.Release|Any CPU.Build.0 = Release|Any CPU
		{C3A1309F-93D1-48E9-B385-94677B976207}.Debug|Any CPU.ActiveCfg = Debug|Any CPU
		{C3A1309F-93D1-48E9-B385-94677B976207}.Debug|Any CPU.Build.0 = Debug|Any CPU
		{C3A1309F-93D1-48E9-B385-94677B976207}.Release|Any CPU.ActiveCfg = Release|Any CPU
		{C3A1309F-93D1-48E9-B385-94677B976207}.Release|Any CPU.Build.0 = Release|Any CPU
		{4F560002-1E75-4116-A6ED-61C4CA7962B3}.Debug|Any CPU.ActiveCfg = Debug|Any CPU
		{4F560002-1E75-4116-A6ED-61C4CA7962B3}.Debug|Any CPU.Build.0 = Debug|Any CPU
		{4F560002-1E75-4116-A6ED-61C4CA7962B3}.Release|Any CPU.ActiveCfg = Release|Any CPU
		{4F560002-1E75-4116-A6ED-61C4CA7962B3}.Release|Any CPU.Build.0 = Release|Any CPU
		{73183E64-3038-4C9E-B276-D0F12154A0BE}.Debug|Any CPU.ActiveCfg = Debug|Any CPU
		{73183E64-3038-4C9E-B276-D0F12154A0BE}.Debug|Any CPU.Build.0 = Debug|Any CPU
		{73183E64-3038-4C9E-B276-D0F12154A0BE}.Release|Any CPU.ActiveCfg = Release|Any CPU
		{73183E64-3038-4C9E-B276-D0F12154A0BE}.Release|Any CPU.Build.0 = Release|Any CPU
		{B04C6466-861F-49C1-AE31-85C6BAAAB8DD}.Debug|Any CPU.ActiveCfg = Debug|Any CPU
		{B04C6466-861F-49C1-AE31-85C6BAAAB8DD}.Debug|Any CPU.Build.0 = Debug|Any CPU
		{B04C6466-861F-49C1-AE31-85C6BAAAB8DD}.Release|Any CPU.ActiveCfg = Release|Any CPU
		{B04C6466-861F-49C1-AE31-85C6BAAAB8DD}.Release|Any CPU.Build.0 = Release|Any CPU
		{CB01D95E-9361-4160-8CF9-6CFBCF9AD703}.Debug|Any CPU.ActiveCfg = Debug|Any CPU
		{CB01D95E-9361-4160-8CF9-6CFBCF9AD703}.Debug|Any CPU.Build.0 = Debug|Any CPU
		{CB01D95E-9361-4160-8CF9-6CFBCF9AD703}.Release|Any CPU.ActiveCfg = Release|Any CPU
		{CB01D95E-9361-4160-8CF9-6CFBCF9AD703}.Release|Any CPU.Build.0 = Release|Any CPU
		{6D9CF074-8E28-4FC9-A67E-DDE059A8278E}.Debug|Any CPU.ActiveCfg = Debug|Any CPU
		{6D9CF074-8E28-4FC9-A67E-DDE059A8278E}.Debug|Any CPU.Build.0 = Debug|Any CPU
		{6D9CF074-8E28-4FC9-A67E-DDE059A8278E}.Release|Any CPU.ActiveCfg = Release|Any CPU
		{6D9CF074-8E28-4FC9-A67E-DDE059A8278E}.Release|Any CPU.Build.0 = Release|Any CPU
		{7B1B6783-3590-4C4D-9193-2BA4B09D1003}.Debug|Any CPU.ActiveCfg = Debug|Any CPU
		{7B1B6783-3590-4C4D-9193-2BA4B09D1003}.Debug|Any CPU.Build.0 = Debug|Any CPU
		{7B1B6783-3590-4C4D-9193-2BA4B09D1003}.Release|Any CPU.ActiveCfg = Release|Any CPU
		{7B1B6783-3590-4C4D-9193-2BA4B09D1003}.Release|Any CPU.Build.0 = Release|Any CPU
		{2236BE3F-F6F5-4498-802A-686E89DC1B7E}.Debug|Any CPU.ActiveCfg = Debug|Any CPU
		{2236BE3F-F6F5-4498-802A-686E89DC1B7E}.Debug|Any CPU.Build.0 = Debug|Any CPU
		{2236BE3F-F6F5-4498-802A-686E89DC1B7E}.Release|Any CPU.ActiveCfg = Release|Any CPU
		{2236BE3F-F6F5-4498-802A-686E89DC1B7E}.Release|Any CPU.Build.0 = Release|Any CPU
		{2740D45A-B43B-472F-962A-5611314C4132}.Debug|Any CPU.ActiveCfg = Debug|Any CPU
		{2740D45A-B43B-472F-962A-5611314C4132}.Debug|Any CPU.Build.0 = Debug|Any CPU
		{2740D45A-B43B-472F-962A-5611314C4132}.Release|Any CPU.ActiveCfg = Release|Any CPU
		{2740D45A-B43B-472F-962A-5611314C4132}.Release|Any CPU.Build.0 = Release|Any CPU
		{FF926A15-D92E-4943-B67D-73D7140E55DB}.Debug|Any CPU.ActiveCfg = Debug|Any CPU
		{FF926A15-D92E-4943-B67D-73D7140E55DB}.Debug|Any CPU.Build.0 = Debug|Any CPU
		{FF926A15-D92E-4943-B67D-73D7140E55DB}.Release|Any CPU.ActiveCfg = Release|Any CPU
		{FF926A15-D92E-4943-B67D-73D7140E55DB}.Release|Any CPU.Build.0 = Release|Any CPU
		{FFCC615C-F1DB-4EF4-853C-F0251B818116}.Debug|Any CPU.ActiveCfg = Debug|Any CPU
		{FFCC615C-F1DB-4EF4-853C-F0251B818116}.Debug|Any CPU.Build.0 = Debug|Any CPU
		{FFCC615C-F1DB-4EF4-853C-F0251B818116}.Release|Any CPU.ActiveCfg = Release|Any CPU
		{FFCC615C-F1DB-4EF4-853C-F0251B818116}.Release|Any CPU.Build.0 = Release|Any CPU
		{CD16DDA7-4431-42F0-BBC2-AA82867EA547}.Debug|Any CPU.ActiveCfg = Debug|Any CPU
		{CD16DDA7-4431-42F0-BBC2-AA82867EA547}.Debug|Any CPU.Build.0 = Debug|Any CPU
		{CD16DDA7-4431-42F0-BBC2-AA82867EA547}.Release|Any CPU.ActiveCfg = Release|Any CPU
		{CD16DDA7-4431-42F0-BBC2-AA82867EA547}.Release|Any CPU.Build.0 = Release|Any CPU
		{2BDA9F7C-790E-4B01-B61C-DEF727571E5D}.Debug|Any CPU.ActiveCfg = Debug|Any CPU
		{2BDA9F7C-790E-4B01-B61C-DEF727571E5D}.Debug|Any CPU.Build.0 = Debug|Any CPU
		{2BDA9F7C-790E-4B01-B61C-DEF727571E5D}.Release|Any CPU.ActiveCfg = Release|Any CPU
		{2BDA9F7C-790E-4B01-B61C-DEF727571E5D}.Release|Any CPU.Build.0 = Release|Any CPU
		{BB64FC6D-BCEB-4E7C-9AEA-E97406124B28}.Debug|Any CPU.ActiveCfg = Debug|Any CPU
		{BB64FC6D-BCEB-4E7C-9AEA-E97406124B28}.Debug|Any CPU.Build.0 = Debug|Any CPU
		{BB64FC6D-BCEB-4E7C-9AEA-E97406124B28}.Release|Any CPU.ActiveCfg = Release|Any CPU
		{BB64FC6D-BCEB-4E7C-9AEA-E97406124B28}.Release|Any CPU.Build.0 = Release|Any CPU
	EndGlobalSection
	GlobalSection(SolutionProperties) = preSolution
		HideSolutionNode = FALSE
	EndGlobalSection
	GlobalSection(NestedProjects) = preSolution
		{340688FD-628D-4FDB-848E-B1D4802EC5BB} = {379BDD4B-7202-4DE3-A45B-FA6545EECA2A}
		{81AC4F37-55D4-465E-BBE1-EF124EF6405B} = {FFE33E72-6CA4-4DDE-AF15-45EBE1EBC16E}
		{C3A1309F-93D1-48E9-B385-94677B976207} = {FFE33E72-6CA4-4DDE-AF15-45EBE1EBC16E}
		{4F560002-1E75-4116-A6ED-61C4CA7962B3} = {FFE33E72-6CA4-4DDE-AF15-45EBE1EBC16E}
		{73183E64-3038-4C9E-B276-D0F12154A0BE} = {FFE33E72-6CA4-4DDE-AF15-45EBE1EBC16E}
		{B04C6466-861F-49C1-AE31-85C6BAAAB8DD} = {FFE33E72-6CA4-4DDE-AF15-45EBE1EBC16E}
		{CB01D95E-9361-4160-8CF9-6CFBCF9AD703} = {DB55BB81-0088-4577-A8DE-74326422B355}
		{6D9CF074-8E28-4FC9-A67E-DDE059A8278E} = {DB55BB81-0088-4577-A8DE-74326422B355}
		{7B1B6783-3590-4C4D-9193-2BA4B09D1003} = {DB55BB81-0088-4577-A8DE-74326422B355}
		{2236BE3F-F6F5-4498-802A-686E89DC1B7E} = {DB55BB81-0088-4577-A8DE-74326422B355}
		{2740D45A-B43B-472F-962A-5611314C4132} = {467F8334-30ED-4DDA-9478-D9CAF1C466FF}
		{FF926A15-D92E-4943-B67D-73D7140E55DB} = {467F8334-30ED-4DDA-9478-D9CAF1C466FF}
		{FFCC615C-F1DB-4EF4-853C-F0251B818116} = {467F8334-30ED-4DDA-9478-D9CAF1C466FF}
		{CD16DDA7-4431-42F0-BBC2-AA82867EA547} = {467F8334-30ED-4DDA-9478-D9CAF1C466FF}
		{2BDA9F7C-790E-4B01-B61C-DEF727571E5D} = {467F8334-30ED-4DDA-9478-D9CAF1C466FF}
		{BB64FC6D-BCEB-4E7C-9AEA-E97406124B28} = {2512786A-EE97-43FC-8B68-354CA6DE539F}
	EndGlobalSection
	GlobalSection(ExtensibilityGlobals) = postSolution
		SolutionGuid = {8F272E93-D934-4539-9D58-AD4F4FF99F43}
	EndGlobalSection
EndGlobal
